
Microsoft Visual Studio Solution File, Format Version 12.00
# Visual Studio 15
VisualStudioVersion = 15.0.27428.2037
MinimumVisualStudioVersion = 10.0.40219.1
Project("{FAE04EC0-301F-11D3-BF4B-00C04F79EFBC}") = "CrudRazon", "CrudRazon\CrudRazon.csproj", "{1488F9DD-B850-4CEA-B2AC-54DB24C82C0B}"
EndProject
Global
	GlobalSection(SolutionConfigurationPlatforms) = preSolution
		Debug|Any CPU = Debug|Any CPU
		Release|Any CPU = Release|Any CPU
	EndGlobalSection
	GlobalSection(ProjectConfigurationPlatforms) = postSolution
		{1488F9DD-B850-4CEA-B2AC-54DB24C82C0B}.Debug|Any CPU.ActiveCfg = Debug|Any CPU
		{1488F9DD-B850-4CEA-B2AC-54DB24C82C0B}.Debug|Any CPU.Build.0 = Debug|Any CPU
		{1488F9DD-B850-4CEA-B2AC-54DB24C82C0B}.Release|Any CPU.ActiveCfg = Release|Any CPU
		{1488F9DD-B850-4CEA-B2AC-54DB24C82C0B}.Release|Any CPU.Build.0 = Release|Any CPU
	EndGlobalSection
	GlobalSection(SolutionProperties) = preSolution
		HideSolutionNode = FALSE
	EndGlobalSection
	GlobalSection(ExtensibilityGlobals) = postSolution
		SolutionGuid = {0D2A56DA-AC39-49CC-954F-BE575AFF0273}
	EndGlobalSection
EndGlobal
